
Microsoft Visual Studio Solution File, Format Version 12.00
# Visual Studio Version 17
VisualStudioVersion = 17.7.34003.232
MinimumVisualStudioVersion = 10.0.40219.1
Project("{FAE04EC0-301F-11D3-BF4B-00C04F79EFBC}") = "InterfaceDove", "InterfaceDove\InterfaceDove.csproj", "{F9A5BF13-AF47-4D1A-B80D-876E76CAF66D}"
EndProject
Global
	GlobalSection(SolutionConfigurationPlatforms) = preSolution
		Debug|Any CPU = Debug|Any CPU
		Release|Any CPU = Release|Any CPU
	EndGlobalSection
	GlobalSection(ProjectConfigurationPlatforms) = postSolution
		{F9A5BF13-AF47-4D1A-B80D-876E76CAF66D}.Debug|Any CPU.ActiveCfg = Debug|Any CPU
		{F9A5BF13-AF47-4D1A-B80D-876E76CAF66D}.Debug|Any CPU.Build.0 = Debug|Any CPU
		{F9A5BF13-AF47-4D1A-B80D-876E76CAF66D}.Release|Any CPU.ActiveCfg = Release|Any CPU
		{F9A5BF13-AF47-4D1A-B80D-876E76CAF66D}.Release|Any CPU.Build.0 = Release|Any CPU
	EndGlobalSection
	GlobalSection(SolutionProperties) = preSolution
		HideSolutionNode = FALSE
	EndGlobalSection
	GlobalSection(ExtensibilityGlobals) = postSolution
		SolutionGuid = {B8309451-0C8C-452A-BDC3-0BABADF4348E}
	EndGlobalSection
EndGlobal
